{
  "name": "ch_1",
  "version": "1.0.0",
  "lockfileVersion": 3,
  "requires": true,
  "packages": {
    "": {
      "name": "ch_1",
      "version": "1.0.0",
      "license": "ISC",
      "devDependencies": {
        "@types/node": "^24.5.0",
        "typescript": "^5.9.2"
      }
    },
    "node_modules/.pnpm/@types+node@24.5.0": {
      "dev": true
    },
    "node_modules/.pnpm/@types+node@24.5.0/node_modules/@types/node": {
      "version": "24.5.0",
      "dev": true,
      "license": "MIT",
      "dependencies": {
        "undici-types": "~7.12.0"
      }
    },
    "node_modules/.pnpm/@types+node@24.5.0/node_modules/undici-types": {
      "resolved": "node_modules/.pnpm/undici-types@7.12.0/node_modules/undici-types",
      "link": true
    },
    "node_modules/.pnpm/typescript@5.9.2": {
      "extraneous": true
    },
    "node_modules/.pnpm/undici-types@7.12.0/node_modules/undici-types": {
      "version": "7.12.0",
      "dev": true,
      "license": "MIT"
    },
    "node_modules/@types/node": {
      "resolved": "node_modules/.pnpm/@types+node@24.5.0/node_modules/@types/node",
      "link": true
    },
    "node_modules/typescript": {
      "version": "5.9.2",
      "resolved": "https://registry.npmjs.org/typescript/-/typescript-5.9.2.tgz",
      "integrity": "sha512-CWBzXQrc/qOkhidw1OzBTQuYRbfyxDXJMVJ1XNwUHGROVmuaeiEm3OslpZ1RV96d7SKKjZKrSJu3+t/xlw3R9A==",
      "dev": true,
      "license": "Apache-2.0",
      "bin": {
        "tsc": "bin/tsc",
        "tsserver": "bin/tsserver"
      },
      "engines": {
        "node": ">=14.17"
      }
    }
  }
}
